
Microsoft Visual Studio Solution File, Format Version 12.00
# Visual Studio Version 16
VisualStudioVersion = 16.0.30309.148
MinimumVisualStudioVersion = 10.0.40219.1
Project("{FAE04EC0-301F-11D3-BF4B-00C04F79EFBC}") = "JarusTest.API", "JarusTest.API\JarusTest.API.csproj", "{29A5B89C-D3BE-4DEB-941F-339908E3861A}"
EndProject
Global
	GlobalSection(SolutionConfigurationPlatforms) = preSolution
		Debug|Any CPU = Debug|Any CPU
		Release|Any CPU = Release|Any CPU
	EndGlobalSection
	GlobalSection(ProjectConfigurationPlatforms) = postSolution
		{29A5B89C-D3BE-4DEB-941F-339908E3861A}.Debug|Any CPU.ActiveCfg = Debug|Any CPU
		{29A5B89C-D3BE-4DEB-941F-339908E3861A}.Debug|Any CPU.Build.0 = Debug|Any CPU
		{29A5B89C-D3BE-4DEB-941F-339908E3861A}.Release|Any CPU.ActiveCfg = Release|Any CPU
		{29A5B89C-D3BE-4DEB-941F-339908E3861A}.Release|Any CPU.Build.0 = Release|Any CPU
	EndGlobalSection
	GlobalSection(SolutionProperties) = preSolution
		HideSolutionNode = FALSE
	EndGlobalSection
	GlobalSection(ExtensibilityGlobals) = postSolution
		SolutionGuid = {78838E13-3227-4366-AB34-191942A7309A}
	EndGlobalSection
EndGlobal
